
Microsoft Visual Studio Solution File, Format Version 12.00
# Visual Studio Version 17
VisualStudioVersion = 17.0.31912.275
MinimumVisualStudioVersion = 10.0.40219.1
Project("{FAE04EC0-301F-11D3-BF4B-00C04F79EFBC}") = "OpenIDConnect", "OpenIDConnect\OpenIDConnect.csproj", "{DD4357A6-8A2B-4562-8AA8-9B6215D5D192}"
EndProject
Global
	GlobalSection(SolutionConfigurationPlatforms) = preSolution
		Debug|Any CPU = Debug|Any CPU
		Release|Any CPU = Release|Any CPU
	EndGlobalSection
	GlobalSection(ProjectConfigurationPlatforms) = postSolution
		{DD4357A6-8A2B-4562-8AA8-9B6215D5D192}.Debug|Any CPU.ActiveCfg = Debug|Any CPU
		{DD4357A6-8A2B-4562-8AA8-9B6215D5D192}.Debug|Any CPU.Build.0 = Debug|Any CPU
		{DD4357A6-8A2B-4562-8AA8-9B6215D5D192}.Release|Any CPU.ActiveCfg = Release|Any CPU
		{DD4357A6-8A2B-4562-8AA8-9B6215D5D192}.Release|Any CPU.Build.0 = Release|Any CPU
	EndGlobalSection
	GlobalSection(SolutionProperties) = preSolution
		HideSolutionNode = FALSE
	EndGlobalSection
	GlobalSection(ExtensibilityGlobals) = postSolution
		SolutionGuid = {02075FE3-517C-4A24-BBFA-B71467D09E5E}
	EndGlobalSection
EndGlobal
